{
  "name": "loveloom_back_end",
  "version": "1.0.0",
  "lockfileVersion": 3,
  "requires": true,
  "packages": {
    "": {
      "name": "loveloom_back_end",
      "version": "1.0.0",
      "license": "ISC",
      "dependencies": {
        "loveloom_back_end": "file:"
      }
    },
    "node_modules/loveloom_back_end": {
      "resolved": "",
      "link": true
    }
  }
}
